
Microsoft Visual Studio Solution File, Format Version 12.00
# Visual Studio Version 17
VisualStudioVersion = 17.3.32929.385
MinimumVisualStudioVersion = 10.0.40219.1
Project("{FAE04EC0-301F-11D3-BF4B-00C04F79EFBC}") = "AppApi", "AppApi\AppApi.csproj", "{2363966C-7089-499A-982F-012FE40AFFB7}"
EndProject
Global
	GlobalSection(SolutionConfigurationPlatforms) = preSolution
		Debug|Any CPU = Debug|Any CPU
		Release|Any CPU = Release|Any CPU
	EndGlobalSection
	GlobalSection(ProjectConfigurationPlatforms) = postSolution
		{2363966C-7089-499A-982F-012FE40AFFB7}.Debug|Any CPU.ActiveCfg = Debug|Any CPU
		{2363966C-7089-499A-982F-012FE40AFFB7}.Debug|Any CPU.Build.0 = Debug|Any CPU
		{2363966C-7089-499A-982F-012FE40AFFB7}.Release|Any CPU.ActiveCfg = Release|Any CPU
		{2363966C-7089-499A-982F-012FE40AFFB7}.Release|Any CPU.Build.0 = Release|Any CPU
	EndGlobalSection
	GlobalSection(SolutionProperties) = preSolution
		HideSolutionNode = FALSE
	EndGlobalSection
	GlobalSection(ExtensibilityGlobals) = postSolution
		SolutionGuid = {4A04AC5C-C760-466D-A2FB-84AED8ED16E8}
	EndGlobalSection
EndGlobal
